
Microsoft Visual Studio Solution File, Format Version 12.00
# Visual Studio Version 16
VisualStudioVersion = 16.0.29728.190
MinimumVisualStudioVersion = 10.0.40219.1
Project("{9A19103F-16F7-4668-BE54-9A1E7A4F7556}") = "NetCoreGrpc.HelloWorld.ConsoleClientApp", "NetCoreGrpc.HelloWorld.ConsoleClientApp\NetCoreGrpc.HelloWorld.ConsoleClientApp.csproj", "{C0EA32D9-6EC8-41BF-8220-A08D25A18ACE}"
EndProject
Project("{9A19103F-16F7-4668-BE54-9A1E7A4F7556}") = "NetCoreGrpc.HelloWorld.ConsoleServerApp", "NetCoreGrpc.HelloWorld.ConsoleServerApp\NetCoreGrpc.HelloWorld.ConsoleServerApp.csproj", "{0DC29544-7EAA-4CD1-8E08-E5521C2CAAF6}"
EndProject
Project("{9A19103F-16F7-4668-BE54-9A1E7A4F7556}") = "NetCoreGrpc.HelloWorld.Proto", "NetCoreGrpc.HelloWorld.Proto\NetCoreGrpc.HelloWorld.Proto.csproj", "{1716B6B9-AC19-4A0E-947A-2265765D492C}"
EndProject
Project("{9A19103F-16F7-4668-BE54-9A1E7A4F7556}") = "NetCoreGrpc.HelloWorld.AspNetCoreServerApp", "NetCoreGrpc.HelloWorld.AspNetCoreServerApp\NetCoreGrpc.HelloWorld.AspNetCoreServerApp.csproj", "{D4568B12-DA1E-4621-A367-43EBFFEE8FDA}"
EndProject
Project("{9A19103F-16F7-4668-BE54-9A1E7A4F7556}") = "NetCoreGrpc.RouteGuideSvc.Proto", "NetCoreGrpc.RouteGuideSvc.Proto\NetCoreGrpc.RouteGuideSvc.Proto.csproj", "{23CC18B7-11AF-4F19-9CF6-493BA6F59576}"
EndProject
Project("{9A19103F-16F7-4668-BE54-9A1E7A4F7556}") = "NetCoreGrpc.RouteGuideSvc.ConsoleClientApp", "NetCoreGrpc.RouteGuideSvc.ConsoleClientApp\NetCoreGrpc.RouteGuideSvc.ConsoleClientApp.csproj", "{C356A3A6-A93C-4BE9-9BBA-12FED31DAC04}"
EndProject
Project("{9A19103F-16F7-4668-BE54-9A1E7A4F7556}") = "NetCoreGrpc.RouteGuideSvc.ConsoleServerApp", "NetCoreGrpc.RouteGuideSvc.ConsoleServerApp\NetCoreGrpc.RouteGuideSvc.ConsoleServerApp.csproj", "{B6318A57-BE7F-4197-87CB-C0B42378AE3E}"
EndProject
Project("{9A19103F-16F7-4668-BE54-9A1E7A4F7556}") = "NetCoreGrpc.RouteGuideSvc.Utils", "NetCoreGrpc.RouteGuideSvc.Utils\NetCoreGrpc.RouteGuideSvc.Utils.csproj", "{33B8A82A-8ABE-4C5D-A9D3-4DB6F310B2AE}"
EndProject
Project("{9A19103F-16F7-4668-BE54-9A1E7A4F7556}") = "NetCoreGrpc.RouteGuideSvc.AspNetCoreServerApp", "NetCoreGrpc.RouteGuideSvc.AspNetCoreServerApp\NetCoreGrpc.RouteGuideSvc.AspNetCoreServerApp.csproj", "{561EDCF0-745B-47D7-B3D7-3F7B4DD2533B}"
EndProject
Project("{2150E333-8FDC-42A3-9474-1A3956D46DE8}") = "HelloWorld", "HelloWorld", "{741B89E5-9913-4CE2-BD5E-2031437C4A3A}"
EndProject
Project("{2150E333-8FDC-42A3-9474-1A3956D46DE8}") = "RouteGuide", "RouteGuide", "{415973D6-7D95-463F-A2B2-CC3572718C2B}"
EndProject
Global
	GlobalSection(SolutionConfigurationPlatforms) = preSolution
		Debug|Any CPU = Debug|Any CPU
		Release|Any CPU = Release|Any CPU
	EndGlobalSection
	GlobalSection(ProjectConfigurationPlatforms) = postSolution
		{C0EA32D9-6EC8-41BF-8220-A08D25A18ACE}.Debug|Any CPU.ActiveCfg = Debug|Any CPU
		{C0EA32D9-6EC8-41BF-8220-A08D25A18ACE}.Debug|Any CPU.Build.0 = Debug|Any CPU
		{C0EA32D9-6EC8-41BF-8220-A08D25A18ACE}.Release|Any CPU.ActiveCfg = Release|Any CPU
		{C0EA32D9-6EC8-41BF-8220-A08D25A18ACE}.Release|Any CPU.Build.0 = Release|Any CPU
		{0DC29544-7EAA-4CD1-8E08-E5521C2CAAF6}.Debug|Any CPU.ActiveCfg = Debug|Any CPU
		{0DC29544-7EAA-4CD1-8E08-E5521C2CAAF6}.Debug|Any CPU.Build.0 = Debug|Any CPU
		{0DC29544-7EAA-4CD1-8E08-E5521C2CAAF6}.Release|Any CPU.ActiveCfg = Release|Any CPU
		{0DC29544-7EAA-4CD1-8E08-E5521C2CAAF6}.Release|Any CPU.Build.0 = Release|Any CPU
		{1716B6B9-AC19-4A0E-947A-2265765D492C}.Debug|Any CPU.ActiveCfg = Debug|Any CPU
		{1716B6B9-AC19-4A0E-947A-2265765D492C}.Debug|Any CPU.Build.0 = Debug|Any CPU
		{1716B6B9-AC19-4A0E-947A-2265765D492C}.Release|Any CPU.ActiveCfg = Release|Any CPU
		{1716B6B9-AC19-4A0E-947A-2265765D492C}.Release|Any CPU.Build.0 = Release|Any CPU
		{D4568B12-DA1E-4621-A367-43EBFFEE8FDA}.Debug|Any CPU.ActiveCfg = Debug|Any CPU
		{D4568B12-DA1E-4621-A367-43EBFFEE8FDA}.Debug|Any CPU.Build.0 = Debug|Any CPU
		{D4568B12-DA1E-4621-A367-43EBFFEE8FDA}.Release|Any CPU.ActiveCfg = Release|Any CPU
		{D4568B12-DA1E-4621-A367-43EBFFEE8FDA}.Release|Any CPU.Build.0 = Release|Any CPU
		{23CC18B7-11AF-4F19-9CF6-493BA6F59576}.Debug|Any CPU.ActiveCfg = Debug|Any CPU
		{23CC18B7-11AF-4F19-9CF6-493BA6F59576}.Debug|Any CPU.Build.0 = Debug|Any CPU
		{23CC18B7-11AF-4F19-9CF6-493BA6F59576}.Release|Any CPU.ActiveCfg = Release|Any CPU
		{23CC18B7-11AF-4F19-9CF6-493BA6F59576}.Release|Any CPU.Build.0 = Release|Any CPU
		{C356A3A6-A93C-4BE9-9BBA-12FED31DAC04}.Debug|Any CPU.ActiveCfg = Debug|Any CPU
		{C356A3A6-A93C-4BE9-9BBA-12FED31DAC04}.Debug|Any CPU.Build.0 = Debug|Any CPU
		{C356A3A6-A93C-4BE9-9BBA-12FED31DAC04}.Release|Any CPU.ActiveCfg = Release|Any CPU
		{C356A3A6-A93C-4BE9-9BBA-12FED31DAC04}.Release|Any CPU.Build.0 = Release|Any CPU
		{B6318A57-BE7F-4197-87CB-C0B42378AE3E}.Debug|Any CPU.ActiveCfg = Debug|Any CPU
		{B6318A57-BE7F-4197-87CB-C0B42378AE3E}.Debug|Any CPU.Build.0 = Debug|Any CPU
		{B6318A57-BE7F-4197-87CB-C0B42378AE3E}.Release|Any CPU.ActiveCfg = Release|Any CPU
		{B6318A57-BE7F-4197-87CB-C0B42378AE3E}.Release|Any CPU.Build.0 = Release|Any CPU
		{33B8A82A-8ABE-4C5D-A9D3-4DB6F310B2AE}.Debug|Any CPU.ActiveCfg = Debug|Any CPU
		{33B8A82A-8ABE-4C5D-A9D3-4DB6F310B2AE}.Debug|Any CPU.Build.0 = Debug|Any CPU
		{33B8A82A-8ABE-4C5D-A9D3-4DB6F310B2AE}.Release|Any CPU.ActiveCfg = Release|Any CPU
		{33B8A82A-8ABE-4C5D-A9D3-4DB6F310B2AE}.Release|Any CPU.Build.0 = Release|Any CPU
		{561EDCF0-745B-47D7-B3D7-3F7B4DD2533B}.Debug|Any CPU.ActiveCfg = Debug|Any CPU
		{561EDCF0-745B-47D7-B3D7-3F7B4DD2533B}.Debug|Any CPU.Build.0 = Debug|Any CPU
		{561EDCF0-745B-47D7-B3D7-3F7B4DD2533B}.Release|Any CPU.ActiveCfg = Release|Any CPU
		{561EDCF0-745B-47D7-B3D7-3F7B4DD2533B}.Release|Any CPU.Build.0 = Release|Any CPU
	EndGlobalSection
	GlobalSection(SolutionProperties) = preSolution
		HideSolutionNode = FALSE
	EndGlobalSection
	GlobalSection(NestedProjects) = preSolution
		{C0EA32D9-6EC8-41BF-8220-A08D25A18ACE} = {741B89E5-9913-4CE2-BD5E-2031437C4A3A}
		{0DC29544-7EAA-4CD1-8E08-E5521C2CAAF6} = {741B89E5-9913-4CE2-BD5E-2031437C4A3A}
		{1716B6B9-AC19-4A0E-947A-2265765D492C} = {741B89E5-9913-4CE2-BD5E-2031437C4A3A}
		{D4568B12-DA1E-4621-A367-43EBFFEE8FDA} = {741B89E5-9913-4CE2-BD5E-2031437C4A3A}
		{23CC18B7-11AF-4F19-9CF6-493BA6F59576} = {415973D6-7D95-463F-A2B2-CC3572718C2B}
		{C356A3A6-A93C-4BE9-9BBA-12FED31DAC04} = {415973D6-7D95-463F-A2B2-CC3572718C2B}
		{B6318A57-BE7F-4197-87CB-C0B42378AE3E} = {415973D6-7D95-463F-A2B2-CC3572718C2B}
		{33B8A82A-8ABE-4C5D-A9D3-4DB6F310B2AE} = {415973D6-7D95-463F-A2B2-CC3572718C2B}
		{561EDCF0-745B-47D7-B3D7-3F7B4DD2533B} = {415973D6-7D95-463F-A2B2-CC3572718C2B}
	EndGlobalSection
	GlobalSection(ExtensibilityGlobals) = postSolution
		SolutionGuid = {F901E625-68DD-4E60-8F45-2C384EAD4EF1}
	EndGlobalSection
EndGlobal
